
Microsoft Visual Studio Solution File, Format Version 12.00
# Visual Studio Version 17
VisualStudioVersion = 17.0.31903.59
MinimumVisualStudioVersion = 10.0.40219.1
Project("{2150E333-8FDC-42A3-9474-1A3956D46DE8}") = "src", "src", "{FA61819B-C1FF-4711-89F1-630552633A5C}"
EndProject
Project("{2150E333-8FDC-42A3-9474-1A3956D46DE8}") = "tests", "tests", "{EF27E9D4-8832-4A42-AB5F-2111855A8732}"
EndProject
Project("{FAE04EC0-301F-11D3-BF4B-00C04F79EFBC}") = "InspectionTrack.Core", "src\InspectionTrack.Core\InspectionTrack.Core.csproj", "{6433FA9C-09F8-4219-96FD-EC02B72708A7}"
EndProject
Project("{FAE04EC0-301F-11D3-BF4B-00C04F79EFBC}") = "InspectionTrack.Api", "src\InspectionTrack.Api\InspectionTrack.Api.csproj", "{35B7BFE4-56CF-4DD2-9C0D-405892749371}"
EndProject
Project("{FAE04EC0-301F-11D3-BF4B-00C04F79EFBC}") = "InspectionTrack.Functions", "src\InspectionTrack.Functions\InspectionTrack.Functions.csproj", "{B2EEF7ED-7B46-4614-8251-E365FD6B4E77}"
EndProject
Project("{FAE04EC0-301F-11D3-BF4B-00C04F79EFBC}") = "InspectionTrack.Tests", "tests\InspectionTrack.Tests\InspectionTrack.Tests.csproj", "{2BAC4A85-E775-4A7F-8C78-E7B132795E1E}"
EndProject
Global
	GlobalSection(SolutionConfigurationPlatforms) = preSolution
		Debug|Any CPU = Debug|Any CPU
		Release|Any CPU = Release|Any CPU
	EndGlobalSection
	GlobalSection(ProjectConfigurationPlatforms) = postSolution
		{6433FA9C-09F8-4219-96FD-EC02B72708A7}.Debug|Any CPU.ActiveCfg = Debug|Any CPU
		{6433FA9C-09F8-4219-96FD-EC02B72708A7}.Debug|Any CPU.Build.0 = Debug|Any CPU
		{6433FA9C-09F8-4219-96FD-EC02B72708A7}.Release|Any CPU.ActiveCfg = Release|Any CPU
		{6433FA9C-09F8-4219-96FD-EC02B72708A7}.Release|Any CPU.Build.0 = Release|Any CPU
		{35B7BFE4-56CF-4DD2-9C0D-405892749371}.Debug|Any CPU.ActiveCfg = Debug|Any CPU
		{35B7BFE4-56CF-4DD2-9C0D-405892749371}.Debug|Any CPU.Build.0 = Debug|Any CPU
		{35B7BFE4-56CF-4DD2-9C0D-405892749371}.Release|Any CPU.ActiveCfg = Release|Any CPU
		{35B7BFE4-56CF-4DD2-9C0D-405892749371}.Release|Any CPU.Build.0 = Release|Any CPU
		{B2EEF7ED-7B46-4614-8251-E365FD6B4E77}.Debug|Any CPU.ActiveCfg = Debug|Any CPU
		{B2EEF7ED-7B46-4614-8251-E365FD6B4E77}.Debug|Any CPU.Build.0 = Debug|Any CPU
		{B2EEF7ED-7B46-4614-8251-E365FD6B4E77}.Release|Any CPU.ActiveCfg = Release|Any CPU
		{B2EEF7ED-7B46-4614-8251-E365FD6B4E77}.Release|Any CPU.Build.0 = Release|Any CPU
		{2BAC4A85-E775-4A7F-8C78-E7B132795E1E}.Debug|Any CPU.ActiveCfg = Debug|Any CPU
		{2BAC4A85-E775-4A7F-8C78-E7B132795E1E}.Debug|Any CPU.Build.0 = Debug|Any CPU
		{2BAC4A85-E775-4A7F-8C78-E7B132795E1E}.Release|Any CPU.ActiveCfg = Release|Any CPU
		{2BAC4A85-E775-4A7F-8C78-E7B132795E1E}.Release|Any CPU.Build.0 = Release|Any CPU
	EndGlobalSection
	GlobalSection(SolutionProperties) = preSolution
		HideSolutionNode = FALSE
	EndGlobalSection
	GlobalSection(NestedProjects) = preSolution
		{6433FA9C-09F8-4219-96FD-EC02B72708A7} = {FA61819B-C1FF-4711-89F1-630552633A5C}
		{35B7BFE4-56CF-4DD2-9C0D-405892749371} = {FA61819B-C1FF-4711-89F1-630552633A5C}
		{B2EEF7ED-7B46-4614-8251-E365FD6B4E77} = {FA61819B-C1FF-4711-89F1-630552633A5C}
		{2BAC4A85-E775-4A7F-8C78-E7B132795E1E} = {EF27E9D4-8832-4A42-AB5F-2111855A8732}
	EndGlobalSection
EndGlobal
